
Microsoft Visual Studio Solution File, Format Version 12.00
# Visual Studio Version 17
VisualStudioVersion = 17.9.34902.65
MinimumVisualStudioVersion = 10.0.40219.1
Project("{FAE04EC0-301F-11D3-BF4B-00C04F79EFBC}") = "BlazorApp.Server", "BlazorApp.Server\BlazorApp.Server\BlazorApp.Server.csproj", "{82ED4360-8C94-49ED-B812-94041082FEC2}"
EndProject
Project("{FAE04EC0-301F-11D3-BF4B-00C04F79EFBC}") = "BlazorApp.Client", "BlazorApp.Server\BlazorApp.Client\BlazorApp.Client.csproj", "{EAC5202A-374F-488F-AF62-9A3D24C1716B}"
EndProject
Project("{2150E333-8FDC-42A3-9474-1A3956D46DE8}") = "Solution Items", "Solution Items", "{3926BFC5-246C-456D-94BD-72DD8045AEC1}"
	ProjectSection(SolutionItems) = preProject
		docker-compose.yml = docker-compose.yml
	EndProjectSection
EndProject
Project("{FAE04EC0-301F-11D3-BF4B-00C04F79EFBC}") = "BlazorApp.Auto", "BlazorApp.Auto\BlazorApp.Auto.csproj", "{55159417-CADE-4E19-94DA-600EADC5C006}"
EndProject
Project("{FAE04EC0-301F-11D3-BF4B-00C04F79EFBC}") = "BlazorApp.Shared", "BlazorApp.Shared\BlazorApp.Shared.csproj", "{6FBA3904-1051-48DD-BEBA-A9EA4A313AA4}"
EndProject
Project("{FAE04EC0-301F-11D3-BF4B-00C04F79EFBC}") = "BlazorApp.Models", "BlazorApp.Models\BlazorApp.Models.csproj", "{CF76D461-2FDB-4729-803F-56F51F2097BF}"
EndProject
Global
	GlobalSection(SolutionConfigurationPlatforms) = preSolution
		Debug|Any CPU = Debug|Any CPU
		Release|Any CPU = Release|Any CPU
	EndGlobalSection
	GlobalSection(ProjectConfigurationPlatforms) = postSolution
		{82ED4360-8C94-49ED-B812-94041082FEC2}.Debug|Any CPU.ActiveCfg = Debug|Any CPU
		{82ED4360-8C94-49ED-B812-94041082FEC2}.Debug|Any CPU.Build.0 = Debug|Any CPU
		{82ED4360-8C94-49ED-B812-94041082FEC2}.Release|Any CPU.ActiveCfg = Release|Any CPU
		{82ED4360-8C94-49ED-B812-94041082FEC2}.Release|Any CPU.Build.0 = Release|Any CPU
		{EAC5202A-374F-488F-AF62-9A3D24C1716B}.Debug|Any CPU.ActiveCfg = Debug|Any CPU
		{EAC5202A-374F-488F-AF62-9A3D24C1716B}.Debug|Any CPU.Build.0 = Debug|Any CPU
		{EAC5202A-374F-488F-AF62-9A3D24C1716B}.Release|Any CPU.ActiveCfg = Release|Any CPU
		{EAC5202A-374F-488F-AF62-9A3D24C1716B}.Release|Any CPU.Build.0 = Release|Any CPU
		{55159417-CADE-4E19-94DA-600EADC5C006}.Debug|Any CPU.ActiveCfg = Debug|Any CPU
		{55159417-CADE-4E19-94DA-600EADC5C006}.Debug|Any CPU.Build.0 = Debug|Any CPU
		{55159417-CADE-4E19-94DA-600EADC5C006}.Release|Any CPU.ActiveCfg = Release|Any CPU
		{55159417-CADE-4E19-94DA-600EADC5C006}.Release|Any CPU.Build.0 = Release|Any CPU
		{6FBA3904-1051-48DD-BEBA-A9EA4A313AA4}.Debug|Any CPU.ActiveCfg = Debug|Any CPU
		{6FBA3904-1051-48DD-BEBA-A9EA4A313AA4}.Debug|Any CPU.Build.0 = Debug|Any CPU
		{6FBA3904-1051-48DD-BEBA-A9EA4A313AA4}.Release|Any CPU.ActiveCfg = Release|Any CPU
		{6FBA3904-1051-48DD-BEBA-A9EA4A313AA4}.Release|Any CPU.Build.0 = Release|Any CPU
		{CF76D461-2FDB-4729-803F-56F51F2097BF}.Debug|Any CPU.ActiveCfg = Debug|Any CPU
		{CF76D461-2FDB-4729-803F-56F51F2097BF}.Debug|Any CPU.Build.0 = Debug|Any CPU
		{CF76D461-2FDB-4729-803F-56F51F2097BF}.Release|Any CPU.ActiveCfg = Release|Any CPU
		{CF76D461-2FDB-4729-803F-56F51F2097BF}.Release|Any CPU.Build.0 = Release|Any CPU
	EndGlobalSection
	GlobalSection(SolutionProperties) = preSolution
		HideSolutionNode = FALSE
	EndGlobalSection
	GlobalSection(ExtensibilityGlobals) = postSolution
		SolutionGuid = {25EA6D4D-45F6-487B-B8D2-ABBEB79BFB87}
	EndGlobalSection
EndGlobal
